{
  "name": "example1",
  "version": "1.0.2",
  "lockfileVersion": 1,
  "requires": true,
  "dependencies": {
    "@types/node": {
      "version": "16.11.12",
      "resolved": "https://registry.npmjs.org/@types/node/-/node-16.11.12.tgz",
      "integrity": "sha512-+2Iggwg7PxoO5Kyhvsq9VarmPbIelXP070HMImEpbtGCoyWNINQj4wzjbQCXzdHTRXnqufutJb5KAURZANNBAw=="
    },
    "pubs-db": {
      "version": "1.0.2",
      "resolved": "https://registry.npmjs.org/pubs-db/-/pubs-db-1.0.1.tgz",
      "integrity": "sha512-D5c3bZPcEQFFGZBRBzOgH+le9mBTXl5TqYmpEYr78m7/Xqnr+/k3pCsLVM6y4mFu1qy3bERkEQrDH9tIRLxhAg=="
    }
  }
}
