{
  "name": "example1",
  "version": "1.1.2",
  "lockfileVersion": 1,
  "requires": true,
  "dependencies": {
    "@types/node": {
      "version": "16.11.18",
      "resolved": "https://registry.npmjs.org/@types/node/-/node-16.11.18.tgz",
      "integrity": "sha512-7N8AOYWWYuw0g+K+GKCmIwfU1VMHcexYNpLPYzFZ4Uq2W6C/ptfeC7XhXgy/4pcwhz/9KoS5yijMfnYQ0u0Udw=="
    },
    "pubs-db": {
      "version": "1.1.2",
      "resolved": "https://registry.npmjs.org/pubs-db/-/pubs-db-1.1.2.tgz",
      "integrity": "sha512-NtyUsTJDlekIBz4yhh1d4TQdKeW6DcmBXpLBukMUOfQAAth7hUy7QQZ6HutWNHKvQqFzPc34nNuHrdueWoIHCA=="
    }
  }
}
